<?xml version="1.0" encoding="utf-8"?>
<Project ToolsVersion="4.0" xmlns="http://schemas.microsoft.com/developer/msbuild/2003">
  <ItemGroup>
    <Filter Include="Engine">
      <UniqueIdentifier>{81b6aa18-6a26-467f-ad8b-d9a6c6633f15}</UniqueIdentifier>
    </Filter>
    <Filter Include="Engine\Graphics">
      <UniqueIdentifier>{15354fa4-2721-483e-be2c-38b7c7a2c5fb}</UniqueIdentifier>
    </Filter>
    <Filter Include="Shaders">
      <UniqueIdentifier>{67DA6AB6-F800-4c08-8B7A-83BB121AAD01}</UniqueIdentifier>
      <Extensions>rc;ico;cur;bmp;dlg;rc2;rct;bin;rgs;gif;jpg;jpeg;jpe;resx;tiff;tif;png;wav;mfcribbon-ms</Extensions>
    </Filter>
    <Filter Include="ExternalLibraries">
      <UniqueIdentifier>{69c15c49-64dd-49a7-95e0-5a53a9e64c2a}</UniqueIdentifier>
    </Filter>
    <Filter Include="ExternalLibraries\Microsoft">
      <UniqueIdentifier>{5687d8aa-d45a-40e2-98ef-a56fbf3c097a}</UniqueIdentifier>
    </Filter>
    <Filter Include="Engine\Dev">
      <UniqueIdentifier>{01c048a2-07b1-4526-8637-137898f5fdd9}</UniqueIdentifier>
    </Filter>
    <Filter Include="Engine\Application">
      <UniqueIdentifier>{6a865be5-94ef-4bf8-be75-8696683e934b}</UniqueIdentifier>
    </Filter>
    <Filter Include="Gidim">
      <UniqueIdentifier>{72bec3b0-db69-4bf3-91c2-53a0bac0e8dc}</UniqueIdentifier>
    </Filter>
    <Filter Include="Gidim\ShaderClasses">
      <UniqueIdentifier>{6f6508c4-067f-4003-bd67-b8d6271b71d9}</UniqueIdentifier>
    </Filter>
    <Filter Include="Gidim\Examples">
      <UniqueIdentifier>{6bbff7b9-7339-4ed6-af7f-a3fd8b8cdfde}</UniqueIdentifier>
    </Filter>
    <Filter Include="Shaders\ComputeShaders">
      <UniqueIdentifier>{a5036ea7-30bd-43ae-9244-53bcc4b256aa}</UniqueIdentifier>
    </Filter>
  </ItemGroup>
  <ItemGroup>
    <ClCompile Include="Main.cpp">
      <Filter>Gidim</Filter>
    </ClCompile>
    <ClCompile Include="CameraController.cpp">
      <Filter>Gidim</Filter>
    </ClCompile>
    <ClCompile Include="Mesh.cpp">
      <Filter>Engine\Graphics</Filter>
    </ClCompile>
    <ClCompile Include="Renderer.cpp">
      <Filter>Engine\Graphics</Filter>
    </ClCompile>
    <ClCompile Include="Shader.cpp">
      <Filter>Engine\Graphics</Filter>
    </ClCompile>
    <ClCompile Include="Texture.cpp">
      <Filter>Engine\Graphics</Filter>
    </ClCompile>
    <ClCompile Include="Camera.cpp">
      <Filter>Engine\Graphics</Filter>
    </ClCompile>
    <ClCompile Include="External\DDSTextureLoader11.cpp">
      <Filter>ExternalLibraries\Microsoft</Filter>
    </ClCompile>
    <ClCompile Include="External\WICTextureLoader11.cpp">
      <Filter>ExternalLibraries\Microsoft</Filter>
    </ClCompile>
    <ClCompile Include="Log.cpp">
      <Filter>Engine\Dev</Filter>
    </ClCompile>
    <ClCompile Include="Input.cpp">
      <Filter>Engine\Application</Filter>
    </ClCompile>
    <ClCompile Include="Time.cpp">
      <Filter>Engine\Application</Filter>
    </ClCompile>
    <ClCompile Include="Window.cpp">
      <Filter>Engine\Application</Filter>
    </ClCompile>
    <ClCompile Include="SkyboxShader.cpp">
      <Filter>Gidim\ShaderClasses</Filter>
    </ClCompile>
    <ClCompile Include="MeshData.cpp">
      <Filter>Engine\Graphics</Filter>
    </ClCompile>
    <ClCompile Include="WaterRendering.cpp">
      <Filter>Gidim\Examples</Filter>
    </ClCompile>
    <ClCompile Include="ComputeShader.cpp">
      <Filter>Engine\Graphics</Filter>
    </ClCompile>
    <ClCompile Include="ColorShader.cpp">
      <Filter>Gidim\ShaderClasses</Filter>
    </ClCompile>
    <ClCompile Include="TextureShader.cpp">
      <Filter>Gidim\ShaderClasses</Filter>
    </ClCompile>
    <ClCompile Include="SMath.cpp">
      <Filter>Engine</Filter>
    </ClCompile>
  </ItemGroup>
  <ItemGroup>
    <ClInclude Include="CameraController.h">
      <Filter>Gidim</Filter>
    </ClInclude>
    <ClInclude Include="Mesh.h">
      <Filter>Engine\Graphics</Filter>
    </ClInclude>
    <ClInclude Include="Renderer.h">
      <Filter>Engine\Graphics</Filter>
    </ClInclude>
    <ClInclude Include="Shader.h">
      <Filter>Engine\Graphics</Filter>
    </ClInclude>
    <ClInclude Include="Texture.h">
      <Filter>Engine\Graphics</Filter>
    </ClInclude>
    <ClInclude Include="Camera.h">
      <Filter>Engine\Graphics</Filter>
    </ClInclude>
    <ClInclude Include="External\DDSTextureLoader11.h">
      <Filter>ExternalLibraries\Microsoft</Filter>
    </ClInclude>
    <ClInclude Include="External\WICTextureLoader11.h">
      <Filter>ExternalLibraries\Microsoft</Filter>
    </ClInclude>
    <ClInclude Include="Log.h">
      <Filter>Engine\Dev</Filter>
    </ClInclude>
    <ClInclude Include="Input.h">
      <Filter>Engine\Application</Filter>
    </ClInclude>
    <ClInclude Include="Time.h">
      <Filter>Engine\Application</Filter>
    </ClInclude>
    <ClInclude Include="Window.h">
      <Filter>Engine\Application</Filter>
    </ClInclude>
    <ClInclude Include="SDXHelpers.h">
      <Filter>Engine\Graphics</Filter>
    </ClInclude>
    <ClInclude Include="SkyboxShader.h">
      <Filter>Gidim\ShaderClasses</Filter>
    </ClInclude>
    <ClInclude Include="MeshData.h">
      <Filter>Engine\Graphics</Filter>
    </ClInclude>
    <ClInclude Include="WaterRendering.h">
      <Filter>Gidim\Examples</Filter>
    </ClInclude>
    <ClInclude Include="ComputeShader.h">
      <Filter>Engine\Graphics</Filter>
    </ClInclude>
    <ClInclude Include="ColorShader.h">
      <Filter>Gidim\ShaderClasses</Filter>
    </ClInclude>
    <ClInclude Include="TextureShader.h">
      <Filter>Gidim\ShaderClasses</Filter>
    </ClInclude>
    <ClInclude Include="SMath.h">
      <Filter>Engine</Filter>
    </ClInclude>
  </ItemGroup>
  <ItemGroup>
    <FxCompile Include="Resources\Shaders\DefaultShader_Pix.hlsl">
      <Filter>Shaders</Filter>
    </FxCompile>
    <FxCompile Include="Resources\Shaders\DefaultShader_Vert.hlsl">
      <Filter>Shaders</Filter>
    </FxCompile>
    <FxCompile Include="SkyboxShader_Vert.hlsl">
      <Filter>Shaders</Filter>
    </FxCompile>
    <FxCompile Include="SkyboxShader_Pix.hlsl">
      <Filter>Shaders</Filter>
    </FxCompile>
    <FxCompile Include="DefaultColorShader_Pix.hlsl">
      <Filter>Shaders</Filter>
    </FxCompile>
    <FxCompile Include="DefaultColorShader_Vert.hlsl">
      <Filter>Shaders</Filter>
    </FxCompile>
    <FxCompile Include="Resources\Shaders\TestComputeShader_Comp.hlsl">
      <Filter>Shaders\ComputeShaders</Filter>
    </FxCompile>
    <FxCompile Include="Resources\Shaders\SpectrumCreatorShader_Comp.hlsl">
      <Filter>Shaders\ComputeShaders</Filter>
    </FxCompile>
    <FxCompile Include="Resources\Shaders\SpectrumInterpolatorShader_Comp.hlsl">
      <Filter>Shaders\ComputeShaders</Filter>
    </FxCompile>
  </ItemGroup>
</Project>