<?xml version="1.0" encoding="utf-8"?>
<Project ToolsVersion="4.0" xmlns="http://schemas.microsoft.com/developer/msbuild/2003">
  <ItemGroup>
    <Filter Include="Engine">
      <UniqueIdentifier>{81b6aa18-6a26-467f-ad8b-d9a6c6633f15}</UniqueIdentifier>
    </Filter>
    <Filter Include="Engine\Graphics">
      <UniqueIdentifier>{15354fa4-2721-483e-be2c-38b7c7a2c5fb}</UniqueIdentifier>
    </Filter>
    <Filter Include="Shaders">
      <UniqueIdentifier>{67DA6AB6-F800-4c08-8B7A-83BB121AAD01}</UniqueIdentifier>
      <Extensions>rc;ico;cur;bmp;dlg;rc2;rct;bin;rgs;gif;jpg;jpeg;jpe;resx;tiff;tif;png;wav;mfcribbon-ms</Extensions>
    </Filter>
    <Filter Include="ExternalLibraries">
      <UniqueIdentifier>{69c15c49-64dd-49a7-95e0-5a53a9e64c2a}</UniqueIdentifier>
    </Filter>
    <Filter Include="ExternalLibraries\Microsoft">
      <UniqueIdentifier>{5687d8aa-d45a-40e2-98ef-a56fbf3c097a}</UniqueIdentifier>
    </Filter>
    <Filter Include="Engine\Dev">
      <UniqueIdentifier>{01c048a2-07b1-4526-8637-137898f5fdd9}</UniqueIdentifier>
    </Filter>
    <Filter Include="Engine\Application">
      <UniqueIdentifier>{6a865be5-94ef-4bf8-be75-8696683e934b}</UniqueIdentifier>
    </Filter>
    <Filter Include="Gidim">
      <UniqueIdentifier>{72bec3b0-db69-4bf3-91c2-53a0bac0e8dc}</UniqueIdentifier>
    </Filter>
    <Filter Include="Gidim\ShaderClasses">
      <UniqueIdentifier>{6f6508c4-067f-4003-bd67-b8d6271b71d9}</UniqueIdentifier>
    </Filter>
    <Filter Include="Gidim\Examples">
      <UniqueIdentifier>{6bbff7b9-7339-4ed6-af7f-a3fd8b8cdfde}</UniqueIdentifier>
    </Filter>
    <Filter Include="Shaders\ComputeShaders">
      <UniqueIdentifier>{a5036ea7-30bd-43ae-9244-53bcc4b256aa}</UniqueIdentifier>
    </Filter>
    <Filter Include="Engine\Graphics\DirectX">
      <UniqueIdentifier>{ba71a899-eadd-4e2c-b7df-90297e7d2835}</UniqueIdentifier>
    </Filter>
    <Filter Include="Shaders\ComputeShaders\Stage 1">
      <UniqueIdentifier>{41f7205b-45d4-4269-af3b-e7616db82976}</UniqueIdentifier>
    </Filter>
    <Filter Include="Shaders\ComputeShaders\Stage 2">
      <UniqueIdentifier>{5256464d-dd8f-4eeb-a54e-eae4c91d4d21}</UniqueIdentifier>
    </Filter>
    <Filter Include="Shaders\ComputeShaders\Stage 3">
      <UniqueIdentifier>{fe455bfe-de1d-4619-9579-5b6674c55e81}</UniqueIdentifier>
    </Filter>
    <Filter Include="Shaders\ComputeShaders\Stage 4">
      <UniqueIdentifier>{aed1e930-8a48-4b17-8d4e-1a8d53e3cdc0}</UniqueIdentifier>
    </Filter>
    <Filter Include="Shaders\ComputeShaders\Stage 5">
      <UniqueIdentifier>{8b24de6d-26c5-454d-9002-b8517baa9973}</UniqueIdentifier>
    </Filter>
  </ItemGroup>
  <ItemGroup>
    <ClCompile Include="Main.cpp">
      <Filter>Gidim</Filter>
    </ClCompile>
    <ClCompile Include="Examples\CameraController.cpp">
      <Filter>Gidim</Filter>
    </ClCompile>
    <ClCompile Include="Engine\Graphics\Mesh.cpp">
      <Filter>Engine\Graphics</Filter>
    </ClCompile>
    <ClCompile Include="Engine\Graphics\Renderer.cpp">
      <Filter>Engine\Graphics</Filter>
    </ClCompile>
    <ClCompile Include="Engine\Graphics\Shader.cpp">
      <Filter>Engine\Graphics</Filter>
    </ClCompile>
    <ClCompile Include="Engine\Graphics\Texture.cpp">
      <Filter>Engine\Graphics</Filter>
    </ClCompile>
    <ClCompile Include="Engine\Graphics\Camera.cpp">
      <Filter>Engine\Graphics</Filter>
    </ClCompile>
    <ClCompile Include="External\DDSTextureLoader11.cpp">
      <Filter>ExternalLibraries\Microsoft</Filter>
    </ClCompile>
    <ClCompile Include="External\WICTextureLoader11.cpp">
      <Filter>ExternalLibraries\Microsoft</Filter>
    </ClCompile>
    <ClCompile Include="Engine\Dev\Log.cpp">
      <Filter>Engine\Dev</Filter>
    </ClCompile>
    <ClCompile Include="Engine\Application\Input.cpp">
      <Filter>Engine\Application</Filter>
    </ClCompile>
    <ClCompile Include="Engine\Application\Time.cpp">
      <Filter>Engine\Application</Filter>
    </ClCompile>
    <ClCompile Include="Engine\Application\Window.cpp">
      <Filter>Engine\Application</Filter>
    </ClCompile>
    <ClCompile Include="ShaderHandlers\SkyboxShader.cpp">
      <Filter>Gidim\ShaderClasses</Filter>
    </ClCompile>
    <ClCompile Include="Engine\Graphics\MeshData.cpp">
      <Filter>Engine\Graphics</Filter>
    </ClCompile>
    <ClCompile Include="Examples\WaterRendering.cpp">
      <Filter>Gidim\Examples</Filter>
    </ClCompile>
    <ClCompile Include="Engine\Graphics\ComputeShader.cpp">
      <Filter>Engine\Graphics</Filter>
    </ClCompile>
    <ClCompile Include="ShaderHandlers\ColorShader.cpp">
      <Filter>Gidim\ShaderClasses</Filter>
    </ClCompile>
    <ClCompile Include="ShaderHandlers\TextureShader.cpp">
      <Filter>Gidim\ShaderClasses</Filter>
    </ClCompile>
    <ClCompile Include="Engine\SMath.cpp">
      <Filter>Engine</Filter>
    </ClCompile>
    <ClCompile Include="Engine\Graphics\DirectX11\SDXBuffer.cpp">
      <Filter>Engine\Graphics\DirectX</Filter>
    </ClCompile>
    <ClCompile Include="ShaderHandlers\WaterShader.cpp">
      <Filter>Gidim\ShaderClasses</Filter>
    </ClCompile>
    <ClCompile Include="Examples\Water.cpp">
      <Filter>Gidim\Examples</Filter>
    </ClCompile>
    <ClCompile Include="Engine\Graphics\ShaderBuffer.cpp">
      <Filter>Engine\Graphics</Filter>
    </ClCompile>
  </ItemGroup>
  <ItemGroup>
    <ClInclude Include="Examples\CameraController.h">
      <Filter>Gidim</Filter>
    </ClInclude>
    <ClInclude Include="Engine\Graphics\Mesh.h">
      <Filter>Engine\Graphics</Filter>
    </ClInclude>
    <ClInclude Include="Engine\Graphics\Renderer.h">
      <Filter>Engine\Graphics</Filter>
    </ClInclude>
    <ClInclude Include="Engine\Graphics\Shader.h">
      <Filter>Engine\Graphics</Filter>
    </ClInclude>
    <ClInclude Include="Engine\Graphics\Texture.h">
      <Filter>Engine\Graphics</Filter>
    </ClInclude>
    <ClInclude Include="Engine\Graphics\Camera.h">
      <Filter>Engine\Graphics</Filter>
    </ClInclude>
    <ClInclude Include="External\DDSTextureLoader11.h">
      <Filter>ExternalLibraries\Microsoft</Filter>
    </ClInclude>
    <ClInclude Include="External\WICTextureLoader11.h">
      <Filter>ExternalLibraries\Microsoft</Filter>
    </ClInclude>
    <ClInclude Include="Engine\Dev\Log.h">
      <Filter>Engine\Dev</Filter>
    </ClInclude>
    <ClInclude Include="Engine\Application\Input.h">
      <Filter>Engine\Application</Filter>
    </ClInclude>
    <ClInclude Include="Engine\Application\Time.h">
      <Filter>Engine\Application</Filter>
    </ClInclude>
    <ClInclude Include="Engine\Application\Window.h">
      <Filter>Engine\Application</Filter>
    </ClInclude>
    <ClInclude Include="ShaderHandlers\SkyboxShader.h">
      <Filter>Gidim\ShaderClasses</Filter>
    </ClInclude>
    <ClInclude Include="Engine\Graphics\MeshData.h">
      <Filter>Engine\Graphics</Filter>
    </ClInclude>
    <ClInclude Include="Examples\WaterRendering.h">
      <Filter>Gidim\Examples</Filter>
    </ClInclude>
    <ClInclude Include="Engine\Graphics\ComputeShader.h">
      <Filter>Engine\Graphics</Filter>
    </ClInclude>
    <ClInclude Include="ShaderHandlers\ColorShader.h">
      <Filter>Gidim\ShaderClasses</Filter>
    </ClInclude>
    <ClInclude Include="ShaderHandlers\TextureShader.h">
      <Filter>Gidim\ShaderClasses</Filter>
    </ClInclude>
    <ClInclude Include="Engine\SMath.h">
      <Filter>Engine</Filter>
    </ClInclude>
    <ClInclude Include="Engine\Graphics\DirectX11\SDXBuffer.h">
      <Filter>Engine\Graphics\DirectX</Filter>
    </ClInclude>
    <ClInclude Include="ShaderHandlers\WaterShader.h">
      <Filter>Gidim\ShaderClasses</Filter>
    </ClInclude>
    <ClInclude Include="Engine\Dev\Helpers.h">
      <Filter>Engine\Dev</Filter>
    </ClInclude>
    <ClInclude Include="Examples\Water.h">
      <Filter>Gidim\Examples</Filter>
    </ClInclude>
    <ClInclude Include="Engine\Graphics\ShaderBuffer.h">
      <Filter>Engine\Graphics</Filter>
    </ClInclude>
  </ItemGroup>
  <ItemGroup>
    <FxCompile Include="Resources\Shaders\PixelShaders\DefaultColorShader_Pix.hlsl">
      <Filter>Shaders</Filter>
    </FxCompile>
    <FxCompile Include="Resources\Shaders\PixelShaders\DefaultShader_Pix.hlsl">
      <Filter>Shaders</Filter>
    </FxCompile>
    <FxCompile Include="Resources\Shaders\PixelShaders\SkyboxShader_Pix.hlsl">
      <Filter>Shaders</Filter>
    </FxCompile>
    <FxCompile Include="Resources\Shaders\PixelShaders\WaterShader_Pix.hlsl">
      <Filter>Shaders</Filter>
    </FxCompile>
    <FxCompile Include="Resources\Shaders\VertexShaders\DefaultColorShader_Vert.hlsl">
      <Filter>Shaders</Filter>
    </FxCompile>
    <FxCompile Include="Resources\Shaders\VertexShaders\DefaultShader_Vert.hlsl">
      <Filter>Shaders</Filter>
    </FxCompile>
    <FxCompile Include="Resources\Shaders\VertexShaders\SkyboxShader_Vert.hlsl">
      <Filter>Shaders</Filter>
    </FxCompile>
    <FxCompile Include="Resources\Shaders\VertexShaders\WaterShader_Vert.hlsl">
      <Filter>Shaders</Filter>
    </FxCompile>
    <FxCompile Include="Resources\Shaders\ComputeShaders\SpectrumCreatorShader_Comp.hlsl">
      <Filter>Shaders\ComputeShaders\Stage 1</Filter>
    </FxCompile>
    <FxCompile Include="Resources\Shaders\ComputeShaders\SpectrumInterpolatorShader_Comp.hlsl">
      <Filter>Shaders\ComputeShaders\Stage 2</Filter>
    </FxCompile>
    <FxCompile Include="Resources\Shaders\ComputeShaders\ButterflyTextureShader_Comp.hlsl">
      <Filter>Shaders\ComputeShaders\Stage 3</Filter>
    </FxCompile>
    <FxCompile Include="Resources\Shaders\ComputeShaders\ButterflyOperationsShader_Comp.hlsl">
      <Filter>Shaders\ComputeShaders\Stage 4</Filter>
    </FxCompile>
    <FxCompile Include="Resources\Shaders\ComputeShaders\InversionPermutationShader_Comp.hlsl">
      <Filter>Shaders\ComputeShaders\Stage 5</Filter>
    </FxCompile>
  </ItemGroup>
</Project>